// !$*UTF8*$!
{
	archiveVersion = 1;
	classes = {
	};
	objectVersion = 46;
	objects = {

/* Begin PBXBuildFile section */
		C66BB90F1D0A8E4200093FB2 /* AppDelegate.swift in Sources */ = {isa = PBXBuildFile; fileRef = C66BB90E1D0A8E4200093FB2 /* AppDelegate.swift */; };
		C66BB9111D0A8E4200093FB2 /* ViewController.swift in Sources */ = {isa = PBXBuildFile; fileRef = C66BB9101D0A8E4200093FB2 /* ViewController.swift */; };
		C66BB9141D0A8E4200093FB2 /* Main.storyboard in Resources */ = {isa = PBXBuildFile; fileRef = C66BB9121D0A8E4200093FB2 /* Main.storyboard */; };
		C66BB9161D0A8E4200093FB2 /* Assets.xcassets in Resources */ = {isa = PBXBuildFile; fileRef = C66BB9151D0A8E4200093FB2 /* Assets.xcassets */; };
		C66BB9191D0A8E4200093FB2 /* LaunchScreen.storyboard in Resources */ = {isa = PBXBuildFile; fileRef = C66BB9171D0A8E4200093FB2 /* LaunchScreen.storyboard */; };
		C66BB9241D0A8E4200093FB2 /* wordlistTests.swift in Sources */ = {isa = PBXBuildFile; fileRef = C66BB9231D0A8E4200093FB2 /* wordlistTests.swift */; };
		C66BB92F1D0A8E4200093FB2 /* wordlistUITests.swift in Sources */ = {isa = PBXBuildFile; fileRef = C66BB92E1D0A8E4200093FB2 /* wordlistUITests.swift */; };
		C66BB9441D0A8EA600093FB2 /* Default-568h@2x.png in Resources */ = {isa = PBXBuildFile; fileRef = C66BB93E1D0A8EA600093FB2 /* Default-568h@2x.png */; };
		C66BB9451D0A8EA600093FB2 /* Default-667h@2x.png in Resources */ = {isa = PBXBuildFile; fileRef = C66BB93F1D0A8EA600093FB2 /* Default-667h@2x.png */; };
		C66BB9461D0A8EA600093FB2 /* Default-736h@3x.png in Resources */ = {isa = PBXBuildFile; fileRef = C66BB9401D0A8EA600093FB2 /* Default-736h@3x.png */; };
		C66BB9471D0A8EA600093FB2 /* fin.png in Resources */ = {isa = PBXBuildFile; fileRef = C66BB9411D0A8EA600093FB2 /* fin.png */; };
		C66BB9481D0A8EA600093FB2 /* title_logo.png in Resources */ = {isa = PBXBuildFile; fileRef = C66BB9421D0A8EA600093FB2 /* title_logo.png */; };
		C66BB9491D0A8EA600093FB2 /* word_blank.png in Resources */ = {isa = PBXBuildFile; fileRef = C66BB9431D0A8EA600093FB2 /* word_blank.png */; };
		C66BB94B1D0AA86700093FB2 /* QuestionViewController.swift in Sources */ = {isa = PBXBuildFile; fileRef = C66BB94A1D0AA86700093FB2 /* QuestionViewController.swift */; };
		C66BB94D1D0AA87C00093FB2 /* FinishViewController.swift in Sources */ = {isa = PBXBuildFile; fileRef = C66BB94C1D0AA87C00093FB2 /* FinishViewController.swift */; };
		C66BB94F1D0AA8AB00093FB2 /* AddViewController.swift in Sources */ = {isa = PBXBuildFile; fileRef = C66BB94E1D0AA8AB00093FB2 /* AddViewController.swift */; };
		C66BB9561D0B1CF800093FB2 /* ListTableViewCell.swift in Sources */ = {isa = PBXBuildFile; fileRef = C66BB9541D0B1CF800093FB2 /* ListTableViewCell.swift */; };
		C66BB9571D0B1CF800093FB2 /* ListTableViewCell.xib in Resources */ = {isa = PBXBuildFile; fileRef = C66BB9551D0B1CF800093FB2 /* ListTableViewCell.xib */; };
		C66BB9591D0B1DFF00093FB2 /* ListTableViewController.swift in Sources */ = {isa = PBXBuildFile; fileRef = C66BB9581D0B1DFF00093FB2 /* ListTableViewController.swift */; };
/* End PBXBuildFile section */

/* Begin PBXContainerItemProxy section */
		C66BB9201D0A8E4200093FB2 /* PBXContainerItemProxy */ = {
			isa = PBXContainerItemProxy;
			containerPortal = C66BB9031D0A8E4200093FB2 /* Project object */;
			proxyType = 1;
			remoteGlobalIDString = C66BB90A1D0A8E4200093FB2;
			remoteInfo = wordlist;
		};
		C66BB92B1D0A8E4200093FB2 /* PBXContainerItemProxy */ = {
			isa = PBXContainerItemProxy;
			containerPortal = C66BB9031D0A8E4200093FB2 /* Project object */;
			proxyType = 1;
			remoteGlobalIDString = C66BB90A1D0A8E4200093FB2;
			remoteInfo = wordlist;
		};
/* End PBXContainerItemProxy section */

/* Begin PBXFileReference section */
		C66BB90B1D0A8E4200093FB2 /* wordlist.app */ = {isa = PBXFileReference; explicitFileType = wrapper.application; includeInIndex = 0; path = wordlist.app; sourceTree = BUILT_PRODUCTS_DIR; };
		C66BB90E1D0A8E4200093FB2 /* AppDelegate.swift */ = {isa = PBXFileReference; lastKnownFileType = sourcecode.swift; path = AppDelegate.swift; sourceTree = "<group>"; };
		C66BB9101D0A8E4200093FB2 /* ViewController.swift */ = {isa = PBXFileReference; lastKnownFileType = sourcecode.swift; path = ViewController.swift; sourceTree = "<group>"; };
		C66BB9131D0A8E4200093FB2 /* Base */ = {isa = PBXFileReference; lastKnownFileType = file.storyboard; name = Base; path = Base.lproj/Main.storyboard; sourceTree = "<group>"; };
		C66BB9151D0A8E4200093FB2 /* Assets.xcassets */ = {isa = PBXFileReference; lastKnownFileType = folder.assetcatalog; path = Assets.xcassets; sourceTree = "<group>"; };
		C66BB9181D0A8E4200093FB2 /* Base */ = {isa = PBXFileReference; lastKnownFileType = file.storyboard; name = Base; path = Base.lproj/LaunchScreen.storyboard; sourceTree = "<group>"; };
		C66BB91A1D0A8E4200093FB2 /* Info.plist */ = {isa = PBXFileReference; lastKnownFileType = text.plist.xml; path = Info.plist; sourceTree = "<group>"; };
		C66BB91F1D0A8E4200093FB2 /* wordlistTests.xctest */ = {isa = PBXFileReference; explicitFileType = wrapper.cfbundle; includeInIndex = 0; path = wordlistTests.xctest; sourceTree = BUILT_PRODUCTS_DIR; };
		C66BB9231D0A8E4200093FB2 /* wordlistTests.swift */ = {isa = PBXFileReference; lastKnownFileType = sourcecode.swift; path = wordlistTests.swift; sourceTree = "<group>"; };
		C66BB9251D0A8E4200093FB2 /* Info.plist */ = {isa = PBXFileReference; lastKnownFileType = text.plist.xml; path = Info.plist; sourceTree = "<group>"; };
		C66BB92A1D0A8E4200093FB2 /* wordlistUITests.xctest */ = {isa = PBXFileReference; explicitFileType = wrapper.cfbundle; includeInIndex = 0; path = wordlistUITests.xctest; sourceTree = BUILT_PRODUCTS_DIR; };
		C66BB92E1D0A8E4200093FB2 /* wordlistUITests.swift */ = {isa = PBXFileReference; lastKnownFileType = sourcecode.swift; path = wordlistUITests.swift; sourceTree = "<group>"; };
		C66BB9301D0A8E4200093FB2 /* Info.plist */ = {isa = PBXFileReference; lastKnownFileType = text.plist.xml; path = Info.plist; sourceTree = "<group>"; };
		C66BB93E1D0A8EA600093FB2 /* Default-568h@2x.png */ = {isa = PBXFileReference; lastKnownFileType = image.png; path = "Default-568h@2x.png"; sourceTree = "<group>"; };
		C66BB93F1D0A8EA600093FB2 /* Default-667h@2x.png */ = {isa = PBXFileReference; lastKnownFileType = image.png; path = "Default-667h@2x.png"; sourceTree = "<group>"; };
		C66BB9401D0A8EA600093FB2 /* Default-736h@3x.png */ = {isa = PBXFileReference; lastKnownFileType = image.png; path = "Default-736h@3x.png"; sourceTree = "<group>"; };
		C66BB9411D0A8EA600093FB2 /* fin.png */ = {isa = PBXFileReference; lastKnownFileType = image.png; path = fin.png; sourceTree = "<group>"; };
		C66BB9421D0A8EA600093FB2 /* title_logo.png */ = {isa = PBXFileReference; lastKnownFileType = image.png; path = title_logo.png; sourceTree = "<group>"; };
		C66BB9431D0A8EA600093FB2 /* word_blank.png */ = {isa = PBXFileReference; lastKnownFileType = image.png; path = word_blank.png; sourceTree = "<group>"; };
		C66BB94A1D0AA86700093FB2 /* QuestionViewController.swift */ = {isa = PBXFileReference; fileEncoding = 4; lastKnownFileType = sourcecode.swift; path = QuestionViewController.swift; sourceTree = "<group>"; };
		C66BB94C1D0AA87C00093FB2 /* FinishViewController.swift */ = {isa = PBXFileReference; fileEncoding = 4; lastKnownFileType = sourcecode.swift; path = FinishViewController.swift; sourceTree = "<group>"; };
		C66BB94E1D0AA8AB00093FB2 /* AddViewController.swift */ = {isa = PBXFileReference; fileEncoding = 4; lastKnownFileType = sourcecode.swift; path = AddViewController.swift; sourceTree = "<group>"; };
		C66BB9541D0B1CF800093FB2 /* ListTableViewCell.swift */ = {isa = PBXFileReference; fileEncoding = 4; lastKnownFileType = sourcecode.swift; path = ListTableViewCell.swift; sourceTree = "<group>"; };
		C66BB9551D0B1CF800093FB2 /* ListTableViewCell.xib */ = {isa = PBXFileReference; fileEncoding = 4; lastKnownFileType = file.xib; path = ListTableViewCell.xib; sourceTree = "<group>"; };
		C66BB9581D0B1DFF00093FB2 /* ListTableViewController.swift */ = {isa = PBXFileReference; fileEncoding = 4; lastKnownFileType = sourcecode.swift; path = ListTableViewController.swift; sourceTree = "<group>"; };
/* End PBXFileReference section */

/* Begin PBXFrameworksBuildPhase section */
		C66BB9081D0A8E4200093FB2 /* Frameworks */ = {
			isa = PBXFrameworksBuildPhase;
			buildActionMask = 2147483647;
			files = (
			);
			runOnlyForDeploymentPostprocessing = 0;
		};
		C66BB91C1D0A8E4200093FB2 /* Frameworks */ = {
			isa = PBXFrameworksBuildPhase;
			buildActionMask = 2147483647;
			files = (
			);
			runOnlyForDeploymentPostprocessing = 0;
		};
		C66BB9271D0A8E4200093FB2 /* Frameworks */ = {
			isa = PBXFrameworksBuildPhase;
			buildActionMask = 2147483647;
			files = (
			);
			runOnlyForDeploymentPostprocessing = 0;
		};
/* End PBXFrameworksBuildPhase section */

/* Begin PBXGroup section */
		C66BB9021D0A8E4200093FB2 = {
			isa = PBXGroup;
			children = (
				C66BB9581D0B1DFF00093FB2 /* ListTableViewController.swift */,
				C66BB9541D0B1CF800093FB2 /* ListTableViewCell.swift */,
				C66BB9551D0B1CF800093FB2 /* ListTableViewCell.xib */,
				C66BB90D1D0A8E4200093FB2 /* wordlist */,
				C66BB9221D0A8E4200093FB2 /* wordlistTests */,
				C66BB92D1D0A8E4200093FB2 /* wordlistUITests */,
				C66BB90C1D0A8E4200093FB2 /* Products */,
			);
			sourceTree = "<group>";
		};
		C66BB90C1D0A8E4200093FB2 /* Products */ = {
			isa = PBXGroup;
			children = (
				C66BB90B1D0A8E4200093FB2 /* wordlist.app */,
				C66BB91F1D0A8E4200093FB2 /* wordlistTests.xctest */,
				C66BB92A1D0A8E4200093FB2 /* wordlistUITests.xctest */,
			);
			name = Products;
			sourceTree = "<group>";
		};
		C66BB90D1D0A8E4200093FB2 /* wordlist */ = {
			isa = PBXGroup;
			children = (
				C66BB93C1D0A8EA600093FB2 /* WordList素材 */,
				C66BB90E1D0A8E4200093FB2 /* AppDelegate.swift */,
				C66BB9101D0A8E4200093FB2 /* ViewController.swift */,
				C66BB9121D0A8E4200093FB2 /* Main.storyboard */,
				C66BB9151D0A8E4200093FB2 /* Assets.xcassets */,
				C66BB9171D0A8E4200093FB2 /* LaunchScreen.storyboard */,
				C66BB91A1D0A8E4200093FB2 /* Info.plist */,
				C66BB94A1D0AA86700093FB2 /* QuestionViewController.swift */,
				C66BB94C1D0AA87C00093FB2 /* FinishViewController.swift */,
				C66BB94E1D0AA8AB00093FB2 /* AddViewController.swift */,
			);
			path = wordlist;
			sourceTree = "<group>";
		};
		C66BB9221D0A8E4200093FB2 /* wordlistTests */ = {
			isa = PBXGroup;
			children = (
				C66BB9231D0A8E4200093FB2 /* wordlistTests.swift */,
				C66BB9251D0A8E4200093FB2 /* Info.plist */,
			);
			path = wordlistTests;
			sourceTree = "<group>";
		};
		C66BB92D1D0A8E4200093FB2 /* wordlistUITests */ = {
			isa = PBXGroup;
			children = (
				C66BB92E1D0A8E4200093FB2 /* wordlistUITests.swift */,
				C66BB9301D0A8E4200093FB2 /* Info.plist */,
			);
			path = wordlistUITests;
			sourceTree = "<group>";
		};
		C66BB93C1D0A8EA600093FB2 /* WordList素材 */ = {
			isa = PBXGroup;
			children = (
				C66BB93D1D0A8EA600093FB2 /* Defaults */,
				C66BB9411D0A8EA600093FB2 /* fin.png */,
				C66BB9421D0A8EA600093FB2 /* title_logo.png */,
				C66BB9431D0A8EA600093FB2 /* word_blank.png */,
			);
			path = "WordList素材";
			sourceTree = "<group>";
		};
		C66BB93D1D0A8EA600093FB2 /* Defaults */ = {
			isa = PBXGroup;
			children = (
				C66BB93E1D0A8EA600093FB2 /* Default-568h@2x.png */,
				C66BB93F1D0A8EA600093FB2 /* Default-667h@2x.png */,
				C66BB9401D0A8EA600093FB2 /* Default-736h@3x.png */,
			);
			path = Defaults;
			sourceTree = "<group>";
		};
/* End PBXGroup section */

/* Begin PBXNativeTarget section */
		C66BB90A1D0A8E4200093FB2 /* wordlist */ = {
			isa = PBXNativeTarget;
			buildConfigurationList = C66BB9331D0A8E4200093FB2 /* Build configuration list for PBXNativeTarget "wordlist" */;
			buildPhases = (
				C66BB9071D0A8E4200093FB2 /* Sources */,
				C66BB9081D0A8E4200093FB2 /* Frameworks */,
				C66BB9091D0A8E4200093FB2 /* Resources */,
			);
			buildRules = (
			);
			dependencies = (
			);
			name = wordlist;
			productName = wordlist;
			productReference = C66BB90B1D0A8E4200093FB2 /* wordlist.app */;
			productType = "com.apple.product-type.application";
		};
		C66BB91E1D0A8E4200093FB2 /* wordlistTests */ = {
			isa = PBXNativeTarget;
			buildConfigurationList = C66BB9361D0A8E4200093FB2 /* Build configuration list for PBXNativeTarget "wordlistTests" */;
			buildPhases = (
				C66BB91B1D0A8E4200093FB2 /* Sources */,
				C66BB91C1D0A8E4200093FB2 /* Frameworks */,
				C66BB91D1D0A8E4200093FB2 /* Resources */,
			);
			buildRules = (
			);
			dependencies = (
				C66BB9211D0A8E4200093FB2 /* PBXTargetDependency */,
			);
			name = wordlistTests;
			productName = wordlistTests;
			productReference = C66BB91F1D0A8E4200093FB2 /* wordlistTests.xctest */;
			productType = "com.apple.product-type.bundle.unit-test";
		};
		C66BB9291D0A8E4200093FB2 /* wordlistUITests */ = {
			isa = PBXNativeTarget;
			buildConfigurationList = C66BB9391D0A8E4200093FB2 /* Build configuration list for PBXNativeTarget "wordlistUITests" */;
			buildPhases = (
				C66BB9261D0A8E4200093FB2 /* Sources */,
				C66BB9271D0A8E4200093FB2 /* Frameworks */,
				C66BB9281D0A8E4200093FB2 /* Resources */,
			);
			buildRules = (
			);
			dependencies = (
				C66BB92C1D0A8E4200093FB2 /* PBXTargetDependency */,
			);
			name = wordlistUITests;
			productName = wordlistUITests;
			productReference = C66BB92A1D0A8E4200093FB2 /* wordlistUITests.xctest */;
			productType = "com.apple.product-type.bundle.ui-testing";
		};
/* End PBXNativeTarget section */

/* Begin PBXProject section */
		C66BB9031D0A8E4200093FB2 /* Project object */ = {
			isa = PBXProject;
			attributes = {
				LastSwiftUpdateCheck = 0730;
				LastUpgradeCheck = 0730;
				ORGANIZATIONNAME = "山本豪";
				TargetAttributes = {
					C66BB90A1D0A8E4200093FB2 = {
						CreatedOnToolsVersion = 7.3.1;
						DevelopmentTeam = F3VCQWP62D;
					};
					C66BB91E1D0A8E4200093FB2 = {
						CreatedOnToolsVersion = 7.3.1;
						TestTargetID = C66BB90A1D0A8E4200093FB2;
					};
					C66BB9291D0A8E4200093FB2 = {
						CreatedOnToolsVersion = 7.3.1;
						TestTargetID = C66BB90A1D0A8E4200093FB2;
					};
				};
			};
			buildConfigurationList = C66BB9061D0A8E4200093FB2 /* Build configuration list for PBXProject "wordlist" */;
			compatibilityVersion = "Xcode 3.2";
			developmentRegion = English;
			hasScannedForEncodings = 0;
			knownRegions = (
				en,
				Base,
			);
			mainGroup = C66BB9021D0A8E4200093FB2;
			productRefGroup = C66BB90C1D0A8E4200093FB2 /* Products */;
			projectDirPath = "";
			projectRoot = "";
			targets = (
				C66BB90A1D0A8E4200093FB2 /* wordlist */,
				C66BB91E1D0A8E4200093FB2 /* wordlistTests */,
				C66BB9291D0A8E4200093FB2 /* wordlistUITests */,
			);
		};
/* End PBXProject section */

/* Begin PBXResourcesBuildPhase section */
		C66BB9091D0A8E4200093FB2 /* Resources */ = {
			isa = PBXResourcesBuildPhase;
			buildActionMask = 2147483647;
			files = (
				C66BB9191D0A8E4200093FB2 /* LaunchScreen.storyboard in Resources */,
				C66BB9471D0A8EA600093FB2 /* fin.png in Resources */,
				C66BB9441D0A8EA600093FB2 /* Default-568h@2x.png in Resources */,
				C66BB9481D0A8EA600093FB2 /* title_logo.png in Resources */,
				C66BB9161D0A8E4200093FB2 /* Assets.xcassets in Resources */,
				C66BB9491D0A8EA600093FB2 /* word_blank.png in Resources */,
				C66BB9141D0A8E4200093FB2 /* Main.storyboard in Resources */,
				C66BB9451D0A8EA600093FB2 /* Default-667h@2x.png in Resources */,
				C66BB9461D0A8EA600093FB2 /* Default-736h@3x.png in Resources */,
				C66BB9571D0B1CF800093FB2 /* ListTableViewCell.xib in Resources */,
			);
			runOnlyForDeploymentPostprocessing = 0;
		};
		C66BB91D1D0A8E4200093FB2 /* Resources */ = {
			isa = PBXResourcesBuildPhase;
			buildActionMask = 2147483647;
			files = (
			);
			runOnlyForDeploymentPostprocessing = 0;
		};
		C66BB9281D0A8E4200093FB2 /* Resources */ = {
			isa = PBXResourcesBuildPhase;
			buildActionMask = 2147483647;
			files = (
			);
			runOnlyForDeploymentPostprocessing = 0;
		};
/* End PBXResourcesBuildPhase section */

/* Begin PBXSourcesBuildPhase section */
		C66BB9071D0A8E4200093FB2 /* Sources */ = {
			isa = PBXSourcesBuildPhase;
			buildActionMask = 2147483647;
			files = (
				C66BB94F1D0AA8AB00093FB2 /* AddViewController.swift in Sources */,
				C66BB9111D0A8E4200093FB2 /* ViewController.swift in Sources */,
				C66BB94D1D0AA87C00093FB2 /* FinishViewController.swift in Sources */,
				C66BB90F1D0A8E4200093FB2 /* AppDelegate.swift in Sources */,
				C66BB94B1D0AA86700093FB2 /* QuestionViewController.swift in Sources */,
				C66BB9561D0B1CF800093FB2 /* ListTableViewCell.swift in Sources */,
				C66BB9591D0B1DFF00093FB2 /* ListTableViewController.swift in Sources */,
			);
			runOnlyForDeploymentPostprocessing = 0;
		};
		C66BB91B1D0A8E4200093FB2 /* Sources */ = {
			isa = PBXSourcesBuildPhase;
			buildActionMask = 2147483647;
			files = (
				C66BB9241D0A8E4200093FB2 /* wordlistTests.swift in Sources */,
			);
			runOnlyForDeploymentPostprocessing = 0;
		};
		C66BB9261D0A8E4200093FB2 /* Sources */ = {
			isa = PBXSourcesBuildPhase;
			buildActionMask = 2147483647;
			files = (
				C66BB92F1D0A8E4200093FB2 /* wordlistUITests.swift in Sources */,
			);
			runOnlyForDeploymentPostprocessing = 0;
		};
/* End PBXSourcesBuildPhase section */

/* Begin PBXTargetDependency section */
		C66BB9211D0A8E4200093FB2 /* PBXTargetDependency */ = {
			isa = PBXTargetDependency;
			target = C66BB90A1D0A8E4200093FB2 /* wordlist */;
			targetProxy = C66BB9201D0A8E4200093FB2 /* PBXContainerItemProxy */;
		};
		C66BB92C1D0A8E4200093FB2 /* PBXTargetDependency */ = {
			isa = PBXTargetDependency;
			target = C66BB90A1D0A8E4200093FB2 /* wordlist */;
			targetProxy = C66BB92B1D0A8E4200093FB2 /* PBXContainerItemProxy */;
		};
/* End PBXTargetDependency section */

/* Begin PBXVariantGroup section */
		C66BB9121D0A8E4200093FB2 /* Main.storyboard */ = {
			isa = PBXVariantGroup;
			children = (
				C66BB9131D0A8E4200093FB2 /* Base */,
			);
			name = Main.storyboard;
			sourceTree = "<group>";
		};
		C66BB9171D0A8E4200093FB2 /* LaunchScreen.storyboard */ = {
			isa = PBXVariantGroup;
			children = (
				C66BB9181D0A8E4200093FB2 /* Base */,
			);
			name = LaunchScreen.storyboard;
			sourceTree = "<group>";
		};
/* End PBXVariantGroup section */

/* Begin XCBuildConfiguration section */
		C66BB9311D0A8E4200093FB2 /* Debug */ = {
			isa = XCBuildConfiguration;
			buildSettings = {
				ALWAYS_SEARCH_USER_PATHS = NO;
				CLANG_ANALYZER_NONNULL = YES;
				CLANG_CXX_LANGUAGE_STANDARD = "gnu++0x";
				CLANG_CXX_LIBRARY = "libc++";
				CLANG_ENABLE_MODULES = YES;
				CLANG_ENABLE_OBJC_ARC = YES;
				CLANG_WARN_BOOL_CONVERSION = YES;
				CLANG_WARN_CONSTANT_CONVERSION = YES;
				CLANG_WARN_DIRECT_OBJC_ISA_USAGE = YES_ERROR;
				CLANG_WARN_EMPTY_BODY = YES;
				CLANG_WARN_ENUM_CONVERSION = YES;
				CLANG_WARN_INT_CONVERSION = YES;
				CLANG_WARN_OBJC_ROOT_CLASS = YES_ERROR;
				CLANG_WARN_UNREACHABLE_CODE = YES;
				CLANG_WARN__DUPLICATE_METHOD_MATCH = YES;
				"CODE_SIGN_IDENTITY[sdk=iphoneos*]" = "iPhone Developer";
				COPY_PHASE_STRIP = NO;
				DEBUG_INFORMATION_FORMAT = dwarf;
				ENABLE_STRICT_OBJC_MSGSEND = YES;
				ENABLE_TESTABILITY = YES;
				GCC_C_LANGUAGE_STANDARD = gnu99;
				GCC_DYNAMIC_NO_PIC = NO;
				GCC_NO_COMMON_BLOCKS = YES;
				GCC_OPTIMIZATION_LEVEL = 0;
				GCC_PREPROCESSOR_DEFINITIONS = (
					"DEBUG=1",
					"$(inherited)",
				);
				GCC_WARN_64_TO_32_BIT_CONVERSION = YES;
				GCC_WARN_ABOUT_RETURN_TYPE = YES_ERROR;
				GCC_WARN_UNDECLARED_SELECTOR = YES;
				GCC_WARN_UNINITIALIZED_AUTOS = YES_AGGRESSIVE;
				GCC_WARN_UNUSED_FUNCTION = YES;
				GCC_WARN_UNUSED_VARIABLE = YES;
				IPHONEOS_DEPLOYMENT_TARGET = 9.3;
				MTL_ENABLE_DEBUG_INFO = YES;
				ONLY_ACTIVE_ARCH = YES;
				SDKROOT = iphoneos;
				SWIFT_OPTIMIZATION_LEVEL = "-Onone";
			};
			name = Debug;
		};
		C66BB9321D0A8E4200093FB2 /* Release */ = {
			isa = XCBuildConfiguration;
			buildSettings = {
				ALWAYS_SEARCH_USER_PATHS = NO;
				CLANG_ANALYZER_NONNULL = YES;
				CLANG_CXX_LANGUAGE_STANDARD = "gnu++0x";
				CLANG_CXX_LIBRARY = "libc++";
				CLANG_ENABLE_MODULES = YES;
				CLANG_ENABLE_OBJC_ARC = YES;
				CLANG_WARN_BOOL_CONVERSION = YES;
				CLANG_WARN_CONSTANT_CONVERSION = YES;
				CLANG_WARN_DIRECT_OBJC_ISA_USAGE = YES_ERROR;
				CLANG_WARN_EMPTY_BODY = YES;
				CLANG_WARN_ENUM_CONVERSION = YES;
				CLANG_WARN_INT_CONVERSION = YES;
				CLANG_WARN_OBJC_ROOT_CLASS = YES_ERROR;
				CLANG_WARN_UNREACHABLE_CODE = YES;
				CLANG_WARN__DUPLICATE_METHOD_MATCH = YES;
				"CODE_SIGN_IDENTITY[sdk=iphoneos*]" = "iPhone Developer";
				COPY_PHASE_STRIP = NO;
				DEBUG_INFORMATION_FORMAT = "dwarf-with-dsym";
				ENABLE_NS_ASSERTIONS = NO;
				ENABLE_STRICT_OBJC_MSGSEND = YES;
				GCC_C_LANGUAGE_STANDARD = gnu99;
				GCC_NO_COMMON_BLOCKS = YES;
				GCC_WARN_64_TO_32_BIT_CONVERSION = YES;
				GCC_WARN_ABOUT_RETURN_TYPE = YES_ERROR;
				GCC_WARN_UNDECLARED_SELECTOR = YES;
				GCC_WARN_UNINITIALIZED_AUTOS = YES_AGGRESSIVE;
				GCC_WARN_UNUSED_FUNCTION = YES;
				GCC_WARN_UNUSED_VARIABLE = YES;
				IPHONEOS_DEPLOYMENT_TARGET = 9.3;
				MTL_ENABLE_DEBUG_INFO = NO;
				SDKROOT = iphoneos;
				VALIDATE_PRODUCT = YES;
			};
			name = Release;
		};
		C66BB9341D0A8E4200093FB2 /* Debug */ = {
			isa = XCBuildConfiguration;
			buildSettings = {
				ASSETCATALOG_COMPILER_APPICON_NAME = AppIcon;
				CODE_SIGN_IDENTITY = "iPhone Developer";
				"CODE_SIGN_IDENTITY[sdk=iphoneos*]" = "iPhone Developer";
				INFOPLIST_FILE = wordlist/Info.plist;
				LD_RUNPATH_SEARCH_PATHS = "$(inherited) @executable_path/Frameworks";
				PRODUCT_BUNDLE_IDENTIFIER = "---.wordlist";
				PRODUCT_NAME = "$(TARGET_NAME)";
				PROVISIONING_PROFILE = "";
			};
			name = Debug;
		};
		C66BB9351D0A8E4200093FB2 /* Release */ = {
			isa = XCBuildConfiguration;
			buildSettings = {
				ASSETCATALOG_COMPILER_APPICON_NAME = AppIcon;
				CODE_SIGN_IDENTITY = "iPhone Developer";
				"CODE_SIGN_IDENTITY[sdk=iphoneos*]" = "iPhone Developer";
				INFOPLIST_FILE = wordlist/Info.plist;
				LD_RUNPATH_SEARCH_PATHS = "$(inherited) @executable_path/Frameworks";
				PRODUCT_BUNDLE_IDENTIFIER = "---.wordlist";
				PRODUCT_NAME = "$(TARGET_NAME)";
				PROVISIONING_PROFILE = "";
			};
			name = Release;
		};
		C66BB9371D0A8E4200093FB2 /* Debug */ = {
			isa = XCBuildConfiguration;
			buildSettings = {
				BUNDLE_LOADER = "$(TEST_HOST)";
				INFOPLIST_FILE = wordlistTests/Info.plist;
				LD_RUNPATH_SEARCH_PATHS = "$(inherited) @executable_path/Frameworks @loader_path/Frameworks";
				PRODUCT_BUNDLE_IDENTIFIER = "---.wordlistTests";
				PRODUCT_NAME = "$(TARGET_NAME)";
				TEST_HOST = "$(BUILT_PRODUCTS_DIR)/wordlist.app/wordlist";
			};
			name = Debug;
		};
		C66BB9381D0A8E4200093FB2 /* Release */ = {
			isa = XCBuildConfiguration;
			buildSettings = {
				BUNDLE_LOADER = "$(TEST_HOST)";
				INFOPLIST_FILE = wordlistTests/Info.plist;
				LD_RUNPATH_SEARCH_PATHS = "$(inherited) @executable_path/Frameworks @loader_path/Frameworks";
				PRODUCT_BUNDLE_IDENTIFIER = "---.wordlistTests";
				PRODUCT_NAME = "$(TARGET_NAME)";
				TEST_HOST = "$(BUILT_PRODUCTS_DIR)/wordlist.app/wordlist";
			};
			name = Release;
		};
		C66BB93A1D0A8E4200093FB2 /* Debug */ = {
			isa = XCBuildConfiguration;
			buildSettings = {
				INFOPLIST_FILE = wordlistUITests/Info.plist;
				LD_RUNPATH_SEARCH_PATHS = "$(inherited) @executable_path/Frameworks @loader_path/Frameworks";
				PRODUCT_BUNDLE_IDENTIFIER = "---.wordlistUITests";
				PRODUCT_NAME = "$(TARGET_NAME)";
				TEST_TARGET_NAME = wordlist;
			};
			name = Debug;
		};
		C66BB93B1D0A8E4200093FB2 /* Release */ = {
			isa = XCBuildConfiguration;
			buildSettings = {
				INFOPLIST_FILE = wordlistUITests/Info.plist;
				LD_RUNPATH_SEARCH_PATHS = "$(inherited) @executable_path/Frameworks @loader_path/Frameworks";
				PRODUCT_BUNDLE_IDENTIFIER = "---.wordlistUITests";
				PRODUCT_NAME = "$(TARGET_NAME)";
				TEST_TARGET_NAME = wordlist;
			};
			name = Release;
		};
/* End XCBuildConfiguration section */

/* Begin XCConfigurationList section */
		C66BB9061D0A8E4200093FB2 /* Build configuration list for PBXProject "wordlist" */ = {
			isa = XCConfigurationList;
			buildConfigurations = (
				C66BB9311D0A8E4200093FB2 /* Debug */,
				C66BB9321D0A8E4200093FB2 /* Release */,
			);
			defaultConfigurationIsVisible = 0;
			defaultConfigurationName = Release;
		};
		C66BB9331D0A8E4200093FB2 /* Build configuration list for PBXNativeTarget "wordlist" */ = {
			isa = XCConfigurationList;
			buildConfigurations = (
				C66BB9341D0A8E4200093FB2 /* Debug */,
				C66BB9351D0A8E4200093FB2 /* Release */,
			);
			defaultConfigurationIsVisible = 0;
			defaultConfigurationName = Release;
		};
		C66BB9361D0A8E4200093FB2 /* Build configuration list for PBXNativeTarget "wordlistTests" */ = {
			isa = XCConfigurationList;
			buildConfigurations = (
				C66BB9371D0A8E4200093FB2 /* Debug */,
				C66BB9381D0A8E4200093FB2 /* Release */,
			);
			defaultConfigurationIsVisible = 0;
			defaultConfigurationName = Release;
		};
		C66BB9391D0A8E4200093FB2 /* Build configuration list for PBXNativeTarget "wordlistUITests" */ = {
			isa = XCConfigurationList;
			buildConfigurations = (
				C66BB93A1D0A8E4200093FB2 /* Debug */,
				C66BB93B1D0A8E4200093FB2 /* Release */,
			);
			defaultConfigurationIsVisible = 0;
			defaultConfigurationName = Release;
		};
/* End XCConfigurationList section */
	};
	rootObject = C66BB9031D0A8E4200093FB2 /* Project object */;
}
